// !$*UTF8*$!
{
	archiveVersion = 1;
	classes = {
	};
	objectVersion = 50;
	objects = {

/* Begin PBXBuildFile section */
		3F42158723F32A1900A631CF /* Rswift.framework in Frameworks */ = {isa = PBXBuildFile; fileRef = 3F42157E23F3293800A631CF /* Rswift.framework */; };
		3F42158823F32A1900A631CF /* Rswift.framework in Embed Frameworks */ = {isa = PBXBuildFile; fileRef = 3F42157E23F3293800A631CF /* Rswift.framework */; settings = {ATTRIBUTES = (CodeSignOnCopy, RemoveHeadersOnCopy, ); }; };
		3F9738A223F322E4004D93C9 /* SnapKit.framework in Frameworks */ = {isa = PBXBuildFile; fileRef = 3FF84E8823F305AA001E7D0A /* SnapKit.framework */; };
		3F9738A723F322E5004D93C9 /* Kingfisher.framework in Frameworks */ = {isa = PBXBuildFile; fileRef = 3F9738A323F322E5004D93C9 /* Kingfisher.framework */; };
		3F9738A823F322E5004D93C9 /* Kingfisher.framework in Embed Frameworks */ = {isa = PBXBuildFile; fileRef = 3F9738A323F322E5004D93C9 /* Kingfisher.framework */; settings = {ATTRIBUTES = (CodeSignOnCopy, RemoveHeadersOnCopy, ); }; };
		3F9738A923F322E5004D93C9 /* RxSwift.framework in Frameworks */ = {isa = PBXBuildFile; fileRef = 3F9738A423F322E5004D93C9 /* RxSwift.framework */; };
		3F9738AA23F322E5004D93C9 /* RxSwift.framework in Embed Frameworks */ = {isa = PBXBuildFile; fileRef = 3F9738A423F322E5004D93C9 /* RxSwift.framework */; settings = {ATTRIBUTES = (CodeSignOnCopy, RemoveHeadersOnCopy, ); }; };
		3F9738AB23F322E5004D93C9 /* RxRelay.framework in Frameworks */ = {isa = PBXBuildFile; fileRef = 3F9738A523F322E5004D93C9 /* RxRelay.framework */; };
		3F9738AC23F322E5004D93C9 /* RxRelay.framework in Embed Frameworks */ = {isa = PBXBuildFile; fileRef = 3F9738A523F322E5004D93C9 /* RxRelay.framework */; settings = {ATTRIBUTES = (CodeSignOnCopy, RemoveHeadersOnCopy, ); }; };
		3F9738AD23F322E5004D93C9 /* IQKeyboardManager.framework in Frameworks */ = {isa = PBXBuildFile; fileRef = 3F9738A623F322E5004D93C9 /* IQKeyboardManager.framework */; };
		3F9738AE23F322E5004D93C9 /* IQKeyboardManager.framework in Embed Frameworks */ = {isa = PBXBuildFile; fileRef = 3F9738A623F322E5004D93C9 /* IQKeyboardManager.framework */; settings = {ATTRIBUTES = (CodeSignOnCopy, RemoveHeadersOnCopy, ); }; };
		3F9738B023F32368004D93C9 /* RxCocoa.framework in Frameworks */ = {isa = PBXBuildFile; fileRef = 3F9738AF23F32368004D93C9 /* RxCocoa.framework */; };
		3F9738B123F32368004D93C9 /* RxCocoa.framework in Embed Frameworks */ = {isa = PBXBuildFile; fileRef = 3F9738AF23F32368004D93C9 /* RxCocoa.framework */; settings = {ATTRIBUTES = (CodeSignOnCopy, RemoveHeadersOnCopy, ); }; };
		3FCCD24123F34D460068C3D4 /* ViewController+Presentable.swift in Sources */ = {isa = PBXBuildFile; fileRef = 3FCCD24023F34D460068C3D4 /* ViewController+Presentable.swift */; };
		3FCCD24823F34DEF0068C3D4 /* Reactive.swift in Sources */ = {isa = PBXBuildFile; fileRef = 3FCCD24723F34DEF0068C3D4 /* Reactive.swift */; };
		3FF84E6223EDE938001E7D0A /* Coordinator.swift in Sources */ = {isa = PBXBuildFile; fileRef = 3FF84E6123EDE938001E7D0A /* Coordinator.swift */; };
		3FF84E6423EDEA29001E7D0A /* BaseCoordinator.swift in Sources */ = {isa = PBXBuildFile; fileRef = 3FF84E6323EDEA29001E7D0A /* BaseCoordinator.swift */; };
		3FF84E6623EDEA3F001E7D0A /* AppCoordinator.swift in Sources */ = {isa = PBXBuildFile; fileRef = 3FF84E6523EDEA3F001E7D0A /* AppCoordinator.swift */; };
		3FF84E6923EDEA74001E7D0A /* TabBarCoordinator.swift in Sources */ = {isa = PBXBuildFile; fileRef = 3FF84E6823EDEA74001E7D0A /* TabBarCoordinator.swift */; };
		3FF84E6B23EDEB94001E7D0A /* AuthCoordnator.swift in Sources */ = {isa = PBXBuildFile; fileRef = 3FF84E6A23EDEB94001E7D0A /* AuthCoordnator.swift */; };
		3FF84E6D23EDEC1A001E7D0A /* LoginViewModel.swift in Sources */ = {isa = PBXBuildFile; fileRef = 3FF84E6C23EDEC1A001E7D0A /* LoginViewModel.swift */; };
		3FF84E6F23EDF359001E7D0A /* LoginView.swift in Sources */ = {isa = PBXBuildFile; fileRef = 3FF84E6E23EDF359001E7D0A /* LoginView.swift */; };
		3FF84E7223EDF403001E7D0A /* StartableViewController.swift in Sources */ = {isa = PBXBuildFile; fileRef = 3FF84E7123EDF403001E7D0A /* StartableViewController.swift */; };
		3FF84E7423EDF41E001E7D0A /* CodeView.swift in Sources */ = {isa = PBXBuildFile; fileRef = 3FF84E7323EDF41E001E7D0A /* CodeView.swift */; };
		3FF84E7623EDFA54001E7D0A /* TabBarController.swift in Sources */ = {isa = PBXBuildFile; fileRef = 3FF84E7523EDFA54001E7D0A /* TabBarController.swift */; };
		3FF84E7823EE053F001E7D0A /* LaunchInstructor.swift in Sources */ = {isa = PBXBuildFile; fileRef = 3FF84E7723EE053E001E7D0A /* LaunchInstructor.swift */; };
		3FF84E7B23F1F59E001E7D0A /* ViewControllerFactory.swift in Sources */ = {isa = PBXBuildFile; fileRef = 3FF84E7A23F1F59E001E7D0A /* ViewControllerFactory.swift */; };
		3FF84E7E23F20100001E7D0A /* Router.swift in Sources */ = {isa = PBXBuildFile; fileRef = 3FF84E7D23F20100001E7D0A /* Router.swift */; };
		3FF84E8023F20133001E7D0A /* Presentable.swift in Sources */ = {isa = PBXBuildFile; fileRef = 3FF84E7F23F20133001E7D0A /* Presentable.swift */; };
		3FF84E8223F20262001E7D0A /* CoordinatorFactory.swift in Sources */ = {isa = PBXBuildFile; fileRef = 3FF84E8123F20262001E7D0A /* CoordinatorFactory.swift */; };
		3FF84E8923F305AA001E7D0A /* SnapKit.framework in Frameworks */ = {isa = PBXBuildFile; fileRef = 3FF84E8823F305AA001E7D0A /* SnapKit.framework */; };
		3FF84E8A23F305AA001E7D0A /* SnapKit.framework in Embed Frameworks */ = {isa = PBXBuildFile; fileRef = 3FF84E8823F305AA001E7D0A /* SnapKit.framework */; settings = {ATTRIBUTES = (CodeSignOnCopy, RemoveHeadersOnCopy, ); }; };
		5E01AA74219F32E80005FA43 /* LoadingView.xib in Resources */ = {isa = PBXBuildFile; fileRef = 5E01AA73219F32E80005FA43 /* LoadingView.xib */; };
		5E01AA76219F32FD0005FA43 /* LoadingView.swift in Sources */ = {isa = PBXBuildFile; fileRef = 5E01AA75219F32FD0005FA43 /* LoadingView.swift */; };
		5E01AA81219F684F0005FA43 /* HeaderCell.swift in Sources */ = {isa = PBXBuildFile; fileRef = 5E01AA7F219F684F0005FA43 /* HeaderCell.swift */; };
		5E01AA82219F684F0005FA43 /* HeaderCell.xib in Resources */ = {isa = PBXBuildFile; fileRef = 5E01AA80219F684F0005FA43 /* HeaderCell.xib */; };
		5E01AA8B21A0861F0005FA43 /* UserCell.swift in Sources */ = {isa = PBXBuildFile; fileRef = 5E01AA8921A0861F0005FA43 /* UserCell.swift */; };
		5E01AA8C21A0861F0005FA43 /* UserCell.xib in Resources */ = {isa = PBXBuildFile; fileRef = 5E01AA8A21A0861F0005FA43 /* UserCell.xib */; };
		5E0796BE21F24F3000927021 /* ExtensionDate.swift in Sources */ = {isa = PBXBuildFile; fileRef = 5E0796BD21F24F3000927021 /* ExtensionDate.swift */; };
		5E0AE3A4217FD24200E49FA4 /* DetailRoomViewController.swift in Sources */ = {isa = PBXBuildFile; fileRef = 5E0AE3A3217FD24200E49FA4 /* DetailRoomViewController.swift */; };
		5E13008021B68BF7006B07F8 /* RegisterPhotoViewController.swift in Sources */ = {isa = PBXBuildFile; fileRef = 5E13007F21B68BF7006B07F8 /* RegisterPhotoViewController.swift */; };
		5E28267F21F389CF00CE68C7 /* Multometro.xcdatamodeld in Sources */ = {isa = PBXBuildFile; fileRef = 5E28267D21F389CF00CE68C7 /* Multometro.xcdatamodeld */; };
		5E2C83B821DC24360014A4DE /* HTTPRequester.swift in Sources */ = {isa = PBXBuildFile; fileRef = 5E2C83B721DC24360014A4DE /* HTTPRequester.swift */; };
		5E55B35E21BB0C990076333B /* AppliedFee.swift in Sources */ = {isa = PBXBuildFile; fileRef = 5E55B35D21BB0C990076333B /* AppliedFee.swift */; };
		5E578A6F21F10849006B24C5 /* UserInRoom.swift in Sources */ = {isa = PBXBuildFile; fileRef = 5E578A6E21F10849006B24C5 /* UserInRoom.swift */; };
		5E66B867217BA3EF002BB3AF /* ExtensionUIColor.swift in Sources */ = {isa = PBXBuildFile; fileRef = 5E66B866217BA3EF002BB3AF /* ExtensionUIColor.swift */; };
		5E66B86B217BFF5A002BB3AF /* ExtensionCodable.swift in Sources */ = {isa = PBXBuildFile; fileRef = 5E66B86A217BFF5A002BB3AF /* ExtensionCodable.swift */; };
		5E66B86D217C0BAA002BB3AF /* GroupCell.swift in Sources */ = {isa = PBXBuildFile; fileRef = 5E66B86C217C0BAA002BB3AF /* GroupCell.swift */; };
		5E67EBEF21F005DA005F8CC4 /* Errors.swift in Sources */ = {isa = PBXBuildFile; fileRef = 5E67EBEE21F005DA005F8CC4 /* Errors.swift */; };
		5E6BC3DF2180B2BD004DD9A7 /* QRViewController.swift in Sources */ = {isa = PBXBuildFile; fileRef = 5E6BC3DD2180AFC6004DD9A7 /* QRViewController.swift */; };
		5E6BC3E22180E39C004DD9A7 /* SearchRoomViewController.swift in Sources */ = {isa = PBXBuildFile; fileRef = 5E6BC3E12180E39C004DD9A7 /* SearchRoomViewController.swift */; };
		5E6C7E982163815700AE8260 /* MultometroUser.swift in Sources */ = {isa = PBXBuildFile; fileRef = 5E6C7E972163815600AE8260 /* MultometroUser.swift */; };
		5E6C7E9A216388D100AE8260 /* Rule.swift in Sources */ = {isa = PBXBuildFile; fileRef = 5E6C7E99216388D100AE8260 /* Rule.swift */; };
		5E6C7E9C21638A9B00AE8260 /* Room.swift in Sources */ = {isa = PBXBuildFile; fileRef = 5E6C7E9B21638A9B00AE8260 /* Room.swift */; };
		5E6C7E9E21638BAF00AE8260 /* RoomRequester.swift in Sources */ = {isa = PBXBuildFile; fileRef = 5E6C7E9D21638BAF00AE8260 /* RoomRequester.swift */; };
		5E6D0D0D2195F49000186390 /* NetworkingManager.swift in Sources */ = {isa = PBXBuildFile; fileRef = 5E6D0D0C2195F49000186390 /* NetworkingManager.swift */; };
		5E6D0D0F219736CD00186390 /* UserRequester.swift in Sources */ = {isa = PBXBuildFile; fileRef = 5E6D0D0E219736CD00186390 /* UserRequester.swift */; };
		5E6D0D11219753D400186390 /* CoreDataManager.swift in Sources */ = {isa = PBXBuildFile; fileRef = 5E6D0D10219753D400186390 /* CoreDataManager.swift */; };
		5E6D0D14219754F200186390 /* RegisterUser.storyboard in Resources */ = {isa = PBXBuildFile; fileRef = 5E6D0D13219754F200186390 /* RegisterUser.storyboard */; };
		5E6D0D162197551800186390 /* RegisterUserViewController.swift in Sources */ = {isa = PBXBuildFile; fileRef = 5E6D0D152197551800186390 /* RegisterUserViewController.swift */; };
		5E755C1421A0A40500E405FB /* FeeCell.swift in Sources */ = {isa = PBXBuildFile; fileRef = 5E755C1221A0A40500E405FB /* FeeCell.swift */; };
		5E755C1521A0A40500E405FB /* FeeCell.xib in Resources */ = {isa = PBXBuildFile; fileRef = 5E755C1321A0A40500E405FB /* FeeCell.xib */; };
		5E7DDF5E21F3BF6100C15320 /* ExtensionString.swift in Sources */ = {isa = PBXBuildFile; fileRef = 5E7DDF5D21F3BF6100C15320 /* ExtensionString.swift */; };
		5E7FE6342176B3740029E035 /* R.generated.swift in Sources */ = {isa = PBXBuildFile; fileRef = 5E7FE6332176B3740029E035 /* R.generated.swift */; };
		5E7FE6362176B8100029E035 /* RegisterViewController.swift in Sources */ = {isa = PBXBuildFile; fileRef = 5E7FE6352176B8100029E035 /* RegisterViewController.swift */; };
		5E7FE6382176B9940029E035 /* Localizable.strings in Resources */ = {isa = PBXBuildFile; fileRef = 5E7FE6372176B9940029E035 /* Localizable.strings */; };
		5E7FE63C217752920029E035 /* UserRegisterViewModel.swift in Sources */ = {isa = PBXBuildFile; fileRef = 5E7FE63B217752920029E035 /* UserRegisterViewModel.swift */; };
		5E85F14C215ECAD000918BA5 /* Response.swift in Sources */ = {isa = PBXBuildFile; fileRef = 5E85F14B215ECAD000918BA5 /* Response.swift */; };
		5E85F150215ED2A300918BA5 /* ValidatingError.swift in Sources */ = {isa = PBXBuildFile; fileRef = 5E85F14F215ED2A300918BA5 /* ValidatingError.swift */; };
		5E92EA9C21607437000E0EE4 /* Strings.strings in Resources */ = {isa = PBXBuildFile; fileRef = 5E92EA9B21607437000E0EE4 /* Strings.strings */; };
		5E92EAA221624235000E0EE4 /* Groups.storyboard in Resources */ = {isa = PBXBuildFile; fileRef = 5E92EAA121624235000E0EE4 /* Groups.storyboard */; };
		5E92EAA42162427D000E0EE4 /* GroupsViewController.swift in Sources */ = {isa = PBXBuildFile; fileRef = 5E92EAA32162427D000E0EE4 /* GroupsViewController.swift */; };
		5E92EAA6216242A6000E0EE4 /* Statistics.storyboard in Resources */ = {isa = PBXBuildFile; fileRef = 5E92EAA5216242A6000E0EE4 /* Statistics.storyboard */; };
		5E92EAA8216242E7000E0EE4 /* StatisticsViewController.swift in Sources */ = {isa = PBXBuildFile; fileRef = 5E92EAA7216242E7000E0EE4 /* StatisticsViewController.swift */; };
		5E92EAAA21624324000E0EE4 /* Profile.storyboard in Resources */ = {isa = PBXBuildFile; fileRef = 5E92EAA921624324000E0EE4 /* Profile.storyboard */; };
		5E92EAAC21624333000E0EE4 /* ProfileViewController.swift in Sources */ = {isa = PBXBuildFile; fileRef = 5E92EAAB21624333000E0EE4 /* ProfileViewController.swift */; };
		5E92EAB421627F57000E0EE4 /* Assets.xcassets in Resources */ = {isa = PBXBuildFile; fileRef = 5E92EAB321627F57000E0EE4 /* Assets.xcassets */; };
		5EC89766217A501500C65CF9 /* ExtensionUIView.swift in Sources */ = {isa = PBXBuildFile; fileRef = 5EC89765217A501500C65CF9 /* ExtensionUIView.swift */; };
		5EC89768217A69AD00C65CF9 /* RoomRegisterCell.swift in Sources */ = {isa = PBXBuildFile; fileRef = 5EC89767217A69AD00C65CF9 /* RoomRegisterCell.swift */; };
		5EC8976A217A73DB00C65CF9 /* AddFeeHeaderCell.swift in Sources */ = {isa = PBXBuildFile; fileRef = 5EC89769217A73DB00C65CF9 /* AddFeeHeaderCell.swift */; };
		5EC8976C217A7C0700C65CF9 /* AddFeeRegisterCell.swift in Sources */ = {isa = PBXBuildFile; fileRef = 5EC8976B217A7C0700C65CF9 /* AddFeeRegisterCell.swift */; };
		5ED08593215AFF9B00293516 /* AppDelegate.swift in Sources */ = {isa = PBXBuildFile; fileRef = 5ED08592215AFF9B00293516 /* AppDelegate.swift */; };
		5ED08595215AFF9B00293516 /* MainTabBarController.swift in Sources */ = {isa = PBXBuildFile; fileRef = 5ED08594215AFF9B00293516 /* MainTabBarController.swift */; };
		5ED08598215AFF9B00293516 /* Main.storyboard in Resources */ = {isa = PBXBuildFile; fileRef = 5ED08596215AFF9B00293516 /* Main.storyboard */; };
		5ED085A0215AFF9D00293516 /* LaunchScreen.storyboard in Resources */ = {isa = PBXBuildFile; fileRef = 5ED0859E215AFF9D00293516 /* LaunchScreen.storyboard */; };
		5ED085AB215AFF9D00293516 /* MultometroTests.swift in Sources */ = {isa = PBXBuildFile; fileRef = 5ED085AA215AFF9D00293516 /* MultometroTests.swift */; };
		5ED085B6215AFF9D00293516 /* MultometroUITests.swift in Sources */ = {isa = PBXBuildFile; fileRef = 5ED085B5215AFF9D00293516 /* MultometroUITests.swift */; };
		5ED085CC215B00E900293516 /* AuthManager.swift in Sources */ = {isa = PBXBuildFile; fileRef = 5ED085CB215B00E900293516 /* AuthManager.swift */; };
		5ED085D5215B06E300293516 /* LoginViewController.swift in Sources */ = {isa = PBXBuildFile; fileRef = 5ED085D4215B06E300293516 /* LoginViewController.swift */; };
		5ED085D7215B06F300293516 /* Login.storyboard in Resources */ = {isa = PBXBuildFile; fileRef = 5ED085D6215B06F300293516 /* Login.storyboard */; };
		5ED462B821A86A730041EE23 /* ApplyFeeViewController.swift in Sources */ = {isa = PBXBuildFile; fileRef = 5ED462B721A86A730041EE23 /* ApplyFeeViewController.swift */; };
		5EDAD5672178FAA9008E4609 /* AddNewGroupViewController.swift in Sources */ = {isa = PBXBuildFile; fileRef = 5EDAD5662178FAA9008E4609 /* AddNewGroupViewController.swift */; };
		5EE430BA219255C200923BD6 /* DetailRoomFields.swift in Sources */ = {isa = PBXBuildFile; fileRef = 5EE430B8219255C200923BD6 /* DetailRoomFields.swift */; };
		5EE430BB219255C200923BD6 /* DetailRoomFields.xib in Resources */ = {isa = PBXBuildFile; fileRef = 5EE430B9219255C200923BD6 /* DetailRoomFields.xib */; };
		5EE56AFE2177E61A006CC532 /* ViewController.swift+AlertController.swift in Sources */ = {isa = PBXBuildFile; fileRef = 5EE56AFD2177E61A006CC532 /* ViewController.swift+AlertController.swift */; };
		5EE5860D21ED298700A824A7 /* KeychainHelper.swift in Sources */ = {isa = PBXBuildFile; fileRef = 5EE5860C21ED298700A824A7 /* KeychainHelper.swift */; };
		5EE5861021EEBDFE00A824A7 /* KeychainConfiguration.swift in Sources */ = {isa = PBXBuildFile; fileRef = 5EE5860F21EEBDFE00A824A7 /* KeychainConfiguration.swift */; };
/* End PBXBuildFile section */

/* Begin PBXContainerItemProxy section */
		3F42157D23F3293800A631CF /* PBXContainerItemProxy */ = {
			isa = PBXContainerItemProxy;
			containerPortal = 3F42157523F3293800A631CF /* R.swift.Library.xcodeproj */;
			proxyType = 2;
			remoteGlobalIDString = D592464E1C117A55007F94C7;
			remoteInfo = "Rswift-iOS";
		};
		3F42157F23F3293800A631CF /* PBXContainerItemProxy */ = {
			isa = PBXContainerItemProxy;
			containerPortal = 3F42157523F3293800A631CF /* R.swift.Library.xcodeproj */;
			proxyType = 2;
			remoteGlobalIDString = D59246581C117A55007F94C7;
			remoteInfo = "RswiftTests-iOS";
		};
		3F42158123F3293800A631CF /* PBXContainerItemProxy */ = {
			isa = PBXContainerItemProxy;
			containerPortal = 3F42157523F3293800A631CF /* R.swift.Library.xcodeproj */;
			proxyType = 2;
			remoteGlobalIDString = 806E69921C42BD9C00DE3A8B;
			remoteInfo = "Rswift-tvOS";
		};
		3F42158323F3293800A631CF /* PBXContainerItemProxy */ = {
			isa = PBXContainerItemProxy;
			containerPortal = 3F42157523F3293800A631CF /* R.swift.Library.xcodeproj */;
			proxyType = 2;
			remoteGlobalIDString = 806E699B1C42BD9C00DE3A8B;
			remoteInfo = "RswiftTests-tvOS";
		};
		3F42158523F3293800A631CF /* PBXContainerItemProxy */ = {
			isa = PBXContainerItemProxy;
			containerPortal = 3F42157523F3293800A631CF /* R.swift.Library.xcodeproj */;
			proxyType = 2;
			remoteGlobalIDString = 2F5FBC4021355A1400A83A69;
			remoteInfo = "Rswift-watchOS";
		};
		5ED085A7215AFF9D00293516 /* PBXContainerItemProxy */ = {
			isa = PBXContainerItemProxy;
			containerPortal = 5ED08587215AFF9A00293516 /* Project object */;
			proxyType = 1;
			remoteGlobalIDString = 5ED0858E215AFF9A00293516;
			remoteInfo = Multometro;
		};
		5ED085B2215AFF9D00293516 /* PBXContainerItemProxy */ = {
			isa = PBXContainerItemProxy;
			containerPortal = 5ED08587215AFF9A00293516 /* Project object */;
			proxyType = 1;
			remoteGlobalIDString = 5ED0858E215AFF9A00293516;
			remoteInfo = Multometro;
		};
/* End PBXContainerItemProxy section */

/* Begin PBXCopyFilesBuildPhase section */
		3FF84E8B23F305AA001E7D0A /* Embed Frameworks */ = {
			isa = PBXCopyFilesBuildPhase;
			buildActionMask = 2147483647;
			dstPath = "";
			dstSubfolderSpec = 10;
			files = (
				3F9738B123F32368004D93C9 /* RxCocoa.framework in Embed Frameworks */,
				3F9738AC23F322E5004D93C9 /* RxRelay.framework in Embed Frameworks */,
				3F9738A823F322E5004D93C9 /* Kingfisher.framework in Embed Frameworks */,
				3F9738AE23F322E5004D93C9 /* IQKeyboardManager.framework in Embed Frameworks */,
				3FF84E8A23F305AA001E7D0A /* SnapKit.framework in Embed Frameworks */,
				3F42158823F32A1900A631CF /* Rswift.framework in Embed Frameworks */,
				3F9738AA23F322E5004D93C9 /* RxSwift.framework in Embed Frameworks */,
			);
			name = "Embed Frameworks";
			runOnlyForDeploymentPostprocessing = 0;
		};
/* End PBXCopyFilesBuildPhase section */

/* Begin PBXFileReference section */
		3F42157523F3293800A631CF /* R.swift.Library.xcodeproj */ = {isa = PBXFileReference; lastKnownFileType = "wrapper.pb-project"; name = R.swift.Library.xcodeproj; path = R.swift.Library/R.swift.Library.xcodeproj; sourceTree = "<group>"; };
		3F9738A323F322E5004D93C9 /* Kingfisher.framework */ = {isa = PBXFileReference; lastKnownFileType = wrapper.framework; name = Kingfisher.framework; path = Carthage/Build/iOS/Kingfisher.framework; sourceTree = "<group>"; };
		3F9738A423F322E5004D93C9 /* RxSwift.framework */ = {isa = PBXFileReference; lastKnownFileType = wrapper.framework; name = RxSwift.framework; path = Carthage/Build/iOS/RxSwift.framework; sourceTree = "<group>"; };
		3F9738A523F322E5004D93C9 /* RxRelay.framework */ = {isa = PBXFileReference; lastKnownFileType = wrapper.framework; name = RxRelay.framework; path = Carthage/Build/iOS/RxRelay.framework; sourceTree = "<group>"; };
		3F9738A623F322E5004D93C9 /* IQKeyboardManager.framework */ = {isa = PBXFileReference; lastKnownFileType = wrapper.framework; name = IQKeyboardManager.framework; path = Carthage/Build/iOS/IQKeyboardManager.framework; sourceTree = "<group>"; };
		3F9738AF23F32368004D93C9 /* RxCocoa.framework */ = {isa = PBXFileReference; lastKnownFileType = wrapper.framework; name = RxCocoa.framework; path = Carthage/Build/iOS/RxCocoa.framework; sourceTree = "<group>"; };
		3FCCD24023F34D460068C3D4 /* ViewController+Presentable.swift */ = {isa = PBXFileReference; lastKnownFileType = sourcecode.swift; path = "ViewController+Presentable.swift"; sourceTree = "<group>"; };
		3FCCD24723F34DEF0068C3D4 /* Reactive.swift */ = {isa = PBXFileReference; lastKnownFileType = sourcecode.swift; path = Reactive.swift; sourceTree = "<group>"; };
		3FF84E6123EDE938001E7D0A /* Coordinator.swift */ = {isa = PBXFileReference; lastKnownFileType = sourcecode.swift; path = Coordinator.swift; sourceTree = "<group>"; };
		3FF84E6323EDEA29001E7D0A /* BaseCoordinator.swift */ = {isa = PBXFileReference; lastKnownFileType = sourcecode.swift; path = BaseCoordinator.swift; sourceTree = "<group>"; };
		3FF84E6523EDEA3F001E7D0A /* AppCoordinator.swift */ = {isa = PBXFileReference; lastKnownFileType = sourcecode.swift; path = AppCoordinator.swift; sourceTree = "<group>"; };
		3FF84E6823EDEA74001E7D0A /* TabBarCoordinator.swift */ = {isa = PBXFileReference; lastKnownFileType = sourcecode.swift; path = TabBarCoordinator.swift; sourceTree = "<group>"; };
		3FF84E6A23EDEB94001E7D0A /* AuthCoordnator.swift */ = {isa = PBXFileReference; lastKnownFileType = sourcecode.swift; path = AuthCoordnator.swift; sourceTree = "<group>"; };
		3FF84E6C23EDEC1A001E7D0A /* LoginViewModel.swift */ = {isa = PBXFileReference; lastKnownFileType = sourcecode.swift; path = LoginViewModel.swift; sourceTree = "<group>"; };
		3FF84E6E23EDF359001E7D0A /* LoginView.swift */ = {isa = PBXFileReference; lastKnownFileType = sourcecode.swift; path = LoginView.swift; sourceTree = "<group>"; };
		3FF84E7123EDF403001E7D0A /* StartableViewController.swift */ = {isa = PBXFileReference; lastKnownFileType = sourcecode.swift; path = StartableViewController.swift; sourceTree = "<group>"; };
		3FF84E7323EDF41E001E7D0A /* CodeView.swift */ = {isa = PBXFileReference; lastKnownFileType = sourcecode.swift; path = CodeView.swift; sourceTree = "<group>"; };
		3FF84E7523EDFA54001E7D0A /* TabBarController.swift */ = {isa = PBXFileReference; lastKnownFileType = sourcecode.swift; path = TabBarController.swift; sourceTree = "<group>"; };
		3FF84E7723EE053E001E7D0A /* LaunchInstructor.swift */ = {isa = PBXFileReference; lastKnownFileType = sourcecode.swift; path = LaunchInstructor.swift; sourceTree = "<group>"; };
		3FF84E7A23F1F59E001E7D0A /* ViewControllerFactory.swift */ = {isa = PBXFileReference; lastKnownFileType = sourcecode.swift; path = ViewControllerFactory.swift; sourceTree = "<group>"; };
		3FF84E7D23F20100001E7D0A /* Router.swift */ = {isa = PBXFileReference; lastKnownFileType = sourcecode.swift; path = Router.swift; sourceTree = "<group>"; };
		3FF84E7F23F20133001E7D0A /* Presentable.swift */ = {isa = PBXFileReference; lastKnownFileType = sourcecode.swift; path = Presentable.swift; sourceTree = "<group>"; };
		3FF84E8123F20262001E7D0A /* CoordinatorFactory.swift */ = {isa = PBXFileReference; lastKnownFileType = sourcecode.swift; path = CoordinatorFactory.swift; sourceTree = "<group>"; };
		3FF84E8323F2EE88001E7D0A /* SnapKit.framework */ = {isa = PBXFileReference; lastKnownFileType = wrapper.framework; name = SnapKit.framework; path = ../Carthage/Build/iOS/SnapKit.framework; sourceTree = "<group>"; };
		3FF84E8823F305AA001E7D0A /* SnapKit.framework */ = {isa = PBXFileReference; lastKnownFileType = wrapper.framework; name = SnapKit.framework; path = Carthage/Build/iOS/SnapKit.framework; sourceTree = "<group>"; };
		5E01AA73219F32E80005FA43 /* LoadingView.xib */ = {isa = PBXFileReference; lastKnownFileType = file.xib; path = LoadingView.xib; sourceTree = "<group>"; };
		5E01AA75219F32FD0005FA43 /* LoadingView.swift */ = {isa = PBXFileReference; lastKnownFileType = sourcecode.swift; path = LoadingView.swift; sourceTree = "<group>"; };
		5E01AA7F219F684F0005FA43 /* HeaderCell.swift */ = {isa = PBXFileReference; lastKnownFileType = sourcecode.swift; path = HeaderCell.swift; sourceTree = "<group>"; };
		5E01AA80219F684F0005FA43 /* HeaderCell.xib */ = {isa = PBXFileReference; lastKnownFileType = file.xib; path = HeaderCell.xib; sourceTree = "<group>"; };
		5E01AA8921A0861F0005FA43 /* UserCell.swift */ = {isa = PBXFileReference; lastKnownFileType = sourcecode.swift; path = UserCell.swift; sourceTree = "<group>"; };
		5E01AA8A21A0861F0005FA43 /* UserCell.xib */ = {isa = PBXFileReference; lastKnownFileType = file.xib; path = UserCell.xib; sourceTree = "<group>"; };
		5E0796BD21F24F3000927021 /* ExtensionDate.swift */ = {isa = PBXFileReference; lastKnownFileType = sourcecode.swift; path = ExtensionDate.swift; sourceTree = "<group>"; };
		5E0AE3A3217FD24200E49FA4 /* DetailRoomViewController.swift */ = {isa = PBXFileReference; indentWidth = 0; lastKnownFileType = sourcecode.swift; path = DetailRoomViewController.swift; sourceTree = "<group>"; };
		5E13007F21B68BF7006B07F8 /* RegisterPhotoViewController.swift */ = {isa = PBXFileReference; lastKnownFileType = sourcecode.swift; path = RegisterPhotoViewController.swift; sourceTree = "<group>"; };
		5E28267E21F389CF00CE68C7 /* Multometro.xcdatamodel */ = {isa = PBXFileReference; lastKnownFileType = wrapper.xcdatamodel; path = Multometro.xcdatamodel; sourceTree = "<group>"; };
		5E2C83B721DC24360014A4DE /* HTTPRequester.swift */ = {isa = PBXFileReference; lastKnownFileType = sourcecode.swift; path = HTTPRequester.swift; sourceTree = "<group>"; };
		5E55B35D21BB0C990076333B /* AppliedFee.swift */ = {isa = PBXFileReference; lastKnownFileType = sourcecode.swift; path = AppliedFee.swift; sourceTree = "<group>"; };
		5E578A6E21F10849006B24C5 /* UserInRoom.swift */ = {isa = PBXFileReference; lastKnownFileType = sourcecode.swift; path = UserInRoom.swift; sourceTree = "<group>"; };
		5E66B866217BA3EF002BB3AF /* ExtensionUIColor.swift */ = {isa = PBXFileReference; lastKnownFileType = sourcecode.swift; path = ExtensionUIColor.swift; sourceTree = "<group>"; };
		5E66B86A217BFF5A002BB3AF /* ExtensionCodable.swift */ = {isa = PBXFileReference; lastKnownFileType = sourcecode.swift; path = ExtensionCodable.swift; sourceTree = "<group>"; };
		5E66B86C217C0BAA002BB3AF /* GroupCell.swift */ = {isa = PBXFileReference; lastKnownFileType = sourcecode.swift; path = GroupCell.swift; sourceTree = "<group>"; };
		5E67EBEE21F005DA005F8CC4 /* Errors.swift */ = {isa = PBXFileReference; lastKnownFileType = sourcecode.swift; path = Errors.swift; sourceTree = "<group>"; };
		5E6BC3DD2180AFC6004DD9A7 /* QRViewController.swift */ = {isa = PBXFileReference; lastKnownFileType = sourcecode.swift; path = QRViewController.swift; sourceTree = "<group>"; };
		5E6BC3E12180E39C004DD9A7 /* SearchRoomViewController.swift */ = {isa = PBXFileReference; lastKnownFileType = sourcecode.swift; path = SearchRoomViewController.swift; sourceTree = "<group>"; };
		5E6C7E972163815600AE8260 /* MultometroUser.swift */ = {isa = PBXFileReference; lastKnownFileType = sourcecode.swift; path = MultometroUser.swift; sourceTree = "<group>"; };
		5E6C7E99216388D100AE8260 /* Rule.swift */ = {isa = PBXFileReference; lastKnownFileType = sourcecode.swift; path = Rule.swift; sourceTree = "<group>"; };
		5E6C7E9B21638A9B00AE8260 /* Room.swift */ = {isa = PBXFileReference; lastKnownFileType = sourcecode.swift; path = Room.swift; sourceTree = "<group>"; };
		5E6C7E9D21638BAF00AE8260 /* RoomRequester.swift */ = {isa = PBXFileReference; lastKnownFileType = sourcecode.swift; path = RoomRequester.swift; sourceTree = "<group>"; };
		5E6D0D0C2195F49000186390 /* NetworkingManager.swift */ = {isa = PBXFileReference; lastKnownFileType = sourcecode.swift; path = NetworkingManager.swift; sourceTree = "<group>"; };
		5E6D0D0E219736CD00186390 /* UserRequester.swift */ = {isa = PBXFileReference; lastKnownFileType = sourcecode.swift; path = UserRequester.swift; sourceTree = "<group>"; };
		5E6D0D10219753D400186390 /* CoreDataManager.swift */ = {isa = PBXFileReference; lastKnownFileType = sourcecode.swift; path = CoreDataManager.swift; sourceTree = "<group>"; };
		5E6D0D13219754F200186390 /* RegisterUser.storyboard */ = {isa = PBXFileReference; lastKnownFileType = file.storyboard; path = RegisterUser.storyboard; sourceTree = "<group>"; };
		5E6D0D152197551800186390 /* RegisterUserViewController.swift */ = {isa = PBXFileReference; lastKnownFileType = sourcecode.swift; path = RegisterUserViewController.swift; sourceTree = "<group>"; };
		5E755C1221A0A40500E405FB /* FeeCell.swift */ = {isa = PBXFileReference; lastKnownFileType = sourcecode.swift; path = FeeCell.swift; sourceTree = "<group>"; };
		5E755C1321A0A40500E405FB /* FeeCell.xib */ = {isa = PBXFileReference; lastKnownFileType = file.xib; path = FeeCell.xib; sourceTree = "<group>"; };
		5E7DDF5D21F3BF6100C15320 /* ExtensionString.swift */ = {isa = PBXFileReference; lastKnownFileType = sourcecode.swift; path = ExtensionString.swift; sourceTree = "<group>"; };
		5E7FE6332176B3740029E035 /* R.generated.swift */ = {isa = PBXFileReference; fileEncoding = 4; lastKnownFileType = sourcecode.swift; path = R.generated.swift; sourceTree = SOURCE_ROOT; };
		5E7FE6352176B8100029E035 /* RegisterViewController.swift */ = {isa = PBXFileReference; lastKnownFileType = sourcecode.swift; path = RegisterViewController.swift; sourceTree = "<group>"; };
		5E7FE6372176B9940029E035 /* Localizable.strings */ = {isa = PBXFileReference; lastKnownFileType = text.plist.strings; path = Localizable.strings; sourceTree = "<group>"; };
		5E7FE63B217752920029E035 /* UserRegisterViewModel.swift */ = {isa = PBXFileReference; lastKnownFileType = sourcecode.swift; path = UserRegisterViewModel.swift; sourceTree = "<group>"; };
		5E85F14B215ECAD000918BA5 /* Response.swift */ = {isa = PBXFileReference; lastKnownFileType = sourcecode.swift; path = Response.swift; sourceTree = "<group>"; };
		5E85F14F215ED2A300918BA5 /* ValidatingError.swift */ = {isa = PBXFileReference; lastKnownFileType = sourcecode.swift; path = ValidatingError.swift; sourceTree = "<group>"; };
		5E92EA9B21607437000E0EE4 /* Strings.strings */ = {isa = PBXFileReference; lastKnownFileType = text.plist.strings; path = Strings.strings; sourceTree = "<group>"; };
		5E92EAA121624235000E0EE4 /* Groups.storyboard */ = {isa = PBXFileReference; lastKnownFileType = file.storyboard; path = Groups.storyboard; sourceTree = "<group>"; };
		5E92EAA32162427D000E0EE4 /* GroupsViewController.swift */ = {isa = PBXFileReference; lastKnownFileType = sourcecode.swift; path = GroupsViewController.swift; sourceTree = "<group>"; };
		5E92EAA5216242A6000E0EE4 /* Statistics.storyboard */ = {isa = PBXFileReference; lastKnownFileType = file.storyboard; path = Statistics.storyboard; sourceTree = "<group>"; };
		5E92EAA7216242E7000E0EE4 /* StatisticsViewController.swift */ = {isa = PBXFileReference; lastKnownFileType = sourcecode.swift; path = StatisticsViewController.swift; sourceTree = "<group>"; };
		5E92EAA921624324000E0EE4 /* Profile.storyboard */ = {isa = PBXFileReference; lastKnownFileType = file.storyboard; path = Profile.storyboard; sourceTree = "<group>"; };
		5E92EAAB21624333000E0EE4 /* ProfileViewController.swift */ = {isa = PBXFileReference; lastKnownFileType = sourcecode.swift; path = ProfileViewController.swift; sourceTree = "<group>"; };
		5E92EAB321627F57000E0EE4 /* Assets.xcassets */ = {isa = PBXFileReference; lastKnownFileType = folder.assetcatalog; path = Assets.xcassets; sourceTree = "<group>"; };
		5EC89765217A501500C65CF9 /* ExtensionUIView.swift */ = {isa = PBXFileReference; lastKnownFileType = sourcecode.swift; path = ExtensionUIView.swift; sourceTree = "<group>"; };
		5EC89767217A69AD00C65CF9 /* RoomRegisterCell.swift */ = {isa = PBXFileReference; lastKnownFileType = sourcecode.swift; path = RoomRegisterCell.swift; sourceTree = "<group>"; };
		5EC89769217A73DB00C65CF9 /* AddFeeHeaderCell.swift */ = {isa = PBXFileReference; lastKnownFileType = sourcecode.swift; path = AddFeeHeaderCell.swift; sourceTree = "<group>"; };
		5EC8976B217A7C0700C65CF9 /* AddFeeRegisterCell.swift */ = {isa = PBXFileReference; lastKnownFileType = sourcecode.swift; path = AddFeeRegisterCell.swift; sourceTree = "<group>"; };
		5ED0858F215AFF9A00293516 /* Multometro.app */ = {isa = PBXFileReference; explicitFileType = wrapper.application; includeInIndex = 0; path = Multometro.app; sourceTree = BUILT_PRODUCTS_DIR; };
		5ED08592215AFF9B00293516 /* AppDelegate.swift */ = {isa = PBXFileReference; lastKnownFileType = sourcecode.swift; path = AppDelegate.swift; sourceTree = "<group>"; };
		5ED08594215AFF9B00293516 /* MainTabBarController.swift */ = {isa = PBXFileReference; lastKnownFileType = sourcecode.swift; path = MainTabBarController.swift; sourceTree = "<group>"; };
		5ED08597215AFF9B00293516 /* Base */ = {isa = PBXFileReference; lastKnownFileType = file.storyboard; name = Base; path = Base.lproj/Main.storyboard; sourceTree = "<group>"; };
		5ED0859F215AFF9D00293516 /* Base */ = {isa = PBXFileReference; lastKnownFileType = file.storyboard; name = Base; path = Base.lproj/LaunchScreen.storyboard; sourceTree = "<group>"; };
		5ED085A1215AFF9D00293516 /* Info.plist */ = {isa = PBXFileReference; lastKnownFileType = text.plist.xml; path = Info.plist; sourceTree = "<group>"; };
		5ED085A6215AFF9D00293516 /* MultometroTests.xctest */ = {isa = PBXFileReference; explicitFileType = wrapper.cfbundle; includeInIndex = 0; path = MultometroTests.xctest; sourceTree = BUILT_PRODUCTS_DIR; };
		5ED085AA215AFF9D00293516 /* MultometroTests.swift */ = {isa = PBXFileReference; lastKnownFileType = sourcecode.swift; path = MultometroTests.swift; sourceTree = "<group>"; };
		5ED085AC215AFF9D00293516 /* Info.plist */ = {isa = PBXFileReference; lastKnownFileType = text.plist.xml; path = Info.plist; sourceTree = "<group>"; };
		5ED085B1215AFF9D00293516 /* MultometroUITests.xctest */ = {isa = PBXFileReference; explicitFileType = wrapper.cfbundle; includeInIndex = 0; path = MultometroUITests.xctest; sourceTree = BUILT_PRODUCTS_DIR; };
		5ED085B5215AFF9D00293516 /* MultometroUITests.swift */ = {isa = PBXFileReference; lastKnownFileType = sourcecode.swift; path = MultometroUITests.swift; sourceTree = "<group>"; };
		5ED085B7215AFF9D00293516 /* Info.plist */ = {isa = PBXFileReference; lastKnownFileType = text.plist.xml; path = Info.plist; sourceTree = "<group>"; };
		5ED085CB215B00E900293516 /* AuthManager.swift */ = {isa = PBXFileReference; lastKnownFileType = sourcecode.swift; path = AuthManager.swift; sourceTree = "<group>"; };
		5ED085D4215B06E300293516 /* LoginViewController.swift */ = {isa = PBXFileReference; lastKnownFileType = sourcecode.swift; path = LoginViewController.swift; sourceTree = "<group>"; };
		5ED085D6215B06F300293516 /* Login.storyboard */ = {isa = PBXFileReference; lastKnownFileType = file.storyboard; path = Login.storyboard; sourceTree = "<group>"; };
		5ED462B721A86A730041EE23 /* ApplyFeeViewController.swift */ = {isa = PBXFileReference; lastKnownFileType = sourcecode.swift; path = ApplyFeeViewController.swift; sourceTree = "<group>"; };
		5EDAD5662178FAA9008E4609 /* AddNewGroupViewController.swift */ = {isa = PBXFileReference; lastKnownFileType = sourcecode.swift; path = AddNewGroupViewController.swift; sourceTree = "<group>"; };
		5EE430B8219255C200923BD6 /* DetailRoomFields.swift */ = {isa = PBXFileReference; lastKnownFileType = sourcecode.swift; path = DetailRoomFields.swift; sourceTree = "<group>"; };
		5EE430B9219255C200923BD6 /* DetailRoomFields.xib */ = {isa = PBXFileReference; lastKnownFileType = file.xib; path = DetailRoomFields.xib; sourceTree = "<group>"; };
		5EE56AFD2177E61A006CC532 /* ViewController.swift+AlertController.swift */ = {isa = PBXFileReference; lastKnownFileType = sourcecode.swift; path = "ViewController.swift+AlertController.swift"; sourceTree = "<group>"; };
		5EE5860C21ED298700A824A7 /* KeychainHelper.swift */ = {isa = PBXFileReference; lastKnownFileType = sourcecode.swift; path = KeychainHelper.swift; sourceTree = "<group>"; };
		5EE5860F21EEBDFE00A824A7 /* KeychainConfiguration.swift */ = {isa = PBXFileReference; lastKnownFileType = sourcecode.swift; path = KeychainConfiguration.swift; sourceTree = "<group>"; };
/* End PBXFileReference section */

/* Begin PBXFrameworksBuildPhase section */
		5ED0858C215AFF9A00293516 /* Frameworks */ = {
			isa = PBXFrameworksBuildPhase;
			buildActionMask = 2147483647;
			files = (
				3F9738A923F322E5004D93C9 /* RxSwift.framework in Frameworks */,
				3FF84E8923F305AA001E7D0A /* SnapKit.framework in Frameworks */,
				3F9738B023F32368004D93C9 /* RxCocoa.framework in Frameworks */,
				3F42158723F32A1900A631CF /* Rswift.framework in Frameworks */,
				3F9738A723F322E5004D93C9 /* Kingfisher.framework in Frameworks */,
				3F9738A223F322E4004D93C9 /* SnapKit.framework in Frameworks */,
				3F9738AB23F322E5004D93C9 /* RxRelay.framework in Frameworks */,
				3F9738AD23F322E5004D93C9 /* IQKeyboardManager.framework in Frameworks */,
			);
			runOnlyForDeploymentPostprocessing = 0;
		};
		5ED085A3215AFF9D00293516 /* Frameworks */ = {
			isa = PBXFrameworksBuildPhase;
			buildActionMask = 2147483647;
			files = (
			);
			runOnlyForDeploymentPostprocessing = 0;
		};
		5ED085AE215AFF9D00293516 /* Frameworks */ = {
			isa = PBXFrameworksBuildPhase;
			buildActionMask = 2147483647;
			files = (
			);
			runOnlyForDeploymentPostprocessing = 0;
		};
/* End PBXFrameworksBuildPhase section */

/* Begin PBXGroup section */
		3F42157623F3293800A631CF /* Products */ = {
			isa = PBXGroup;
			children = (
				3F42157E23F3293800A631CF /* Rswift.framework */,
				3F42158023F3293800A631CF /* RswiftTests-iOS.xctest */,
				3F42158223F3293800A631CF /* Rswift.framework */,
				3F42158423F3293800A631CF /* RswiftTests-tvOS.xctest */,
				3F42158623F3293800A631CF /* Rswift.framework */,
			);
			name = Products;
			sourceTree = "<group>";
		};
		3FF84E6023EDE920001E7D0A /* Coordinator */ = {
			isa = PBXGroup;
			children = (
				3FF84E7923F1F57F001E7D0A /* Factory */,
				3FF84E7C23F200F4001E7D0A /* Router */,
				3FF84E6123EDE938001E7D0A /* Coordinator.swift */,
				3FF84E6323EDEA29001E7D0A /* BaseCoordinator.swift */,
				3FF84E6523EDEA3F001E7D0A /* AppCoordinator.swift */,
				3FF84E7723EE053E001E7D0A /* LaunchInstructor.swift */,
			);
			path = Coordinator;
			sourceTree = "<group>";
		};
		3FF84E6723EDEA67001E7D0A /* TabBar */ = {
			isa = PBXGroup;
			children = (
				3FF84E6823EDEA74001E7D0A /* TabBarCoordinator.swift */,
				3FF84E7523EDFA54001E7D0A /* TabBarController.swift */,
			);
			path = TabBar;
			sourceTree = "<group>";
		};
		3FF84E7023EDF3E6001E7D0A /* GeneralProtocols */ = {
			isa = PBXGroup;
			children = (
				3FF84E7123EDF403001E7D0A /* StartableViewController.swift */,
				3FF84E7323EDF41E001E7D0A /* CodeView.swift */,
			);
			path = GeneralProtocols;
			sourceTree = "<group>";
		};
		3FF84E7923F1F57F001E7D0A /* Factory */ = {
			isa = PBXGroup;
			children = (
				3FF84E7A23F1F59E001E7D0A /* ViewControllerFactory.swift */,
				3FF84E8123F20262001E7D0A /* CoordinatorFactory.swift */,
			);
			path = Factory;
			sourceTree = "<group>";
		};
		3FF84E7C23F200F4001E7D0A /* Router */ = {
			isa = PBXGroup;
			children = (
				3FF84E7D23F20100001E7D0A /* Router.swift */,
				3FF84E7F23F20133001E7D0A /* Presentable.swift */,
			);
			path = Router;
			sourceTree = "<group>";
		};
		5E01AA72219F32C20005FA43 /* LoadingIndicator */ = {
			isa = PBXGroup;
			children = (
				5E01AA73219F32E80005FA43 /* LoadingView.xib */,
				5E01AA75219F32FD0005FA43 /* LoadingView.swift */,
			);
			path = LoadingIndicator;
			sourceTree = "<group>";
		};
		5E01AA77219F663D0005FA43 /* Header */ = {
			isa = PBXGroup;
			children = (
				5E01AA80219F684F0005FA43 /* HeaderCell.xib */,
				5E01AA7F219F684F0005FA43 /* HeaderCell.swift */,
			);
			path = Header;
			sourceTree = "<group>";
		};
		5E01AA8821A07C2F0005FA43 /* Cells */ = {
			isa = PBXGroup;
			children = (
				5E01AA8A21A0861F0005FA43 /* UserCell.xib */,
				5E01AA8921A0861F0005FA43 /* UserCell.swift */,
				5E755C1321A0A40500E405FB /* FeeCell.xib */,
				5E755C1221A0A40500E405FB /* FeeCell.swift */,
			);
			path = Cells;
			sourceTree = "<group>";
		};
		5E0AE3A2217FD22B00E49FA4 /* DetailRoom */ = {
			isa = PBXGroup;
			children = (
				5EE430BC219255CD00923BD6 /* DetailFields(Room) */,
				5E01AA77219F663D0005FA43 /* Header */,
				5E01AA8821A07C2F0005FA43 /* Cells */,
				5E0AE3A3217FD24200E49FA4 /* DetailRoomViewController.swift */,
			);
			path = DetailRoom;
			sourceTree = "<group>";
		};
		5E0E84A9218BEAC600A8157D /* ShareRoom */ = {
			isa = PBXGroup;
			children = (
				5E6BC3DD2180AFC6004DD9A7 /* QRViewController.swift */,
			);
			path = ShareRoom;
			sourceTree = "<group>";
		};
		5E0E84AA218BEB4600A8157D /* Rooms */ = {
			isa = PBXGroup;
			children = (
				5ED462B921A8A3EC0041EE23 /* Cells */,
				5E92EAA32162427D000E0EE4 /* GroupsViewController.swift */,
			);
			path = Rooms;
			sourceTree = "<group>";
		};
		5E6BC3E02180E368004DD9A7 /* SearchRoom */ = {
			isa = PBXGroup;
			children = (
				5E6BC3E12180E39C004DD9A7 /* SearchRoomViewController.swift */,
			);
			path = SearchRoom;
			sourceTree = "<group>";
		};
		5E6D0D12219754CB00186390 /* OnBoarding */ = {
			isa = PBXGroup;
			children = (
				5E6D0D13219754F200186390 /* RegisterUser.storyboard */,
				5E13007F21B68BF7006B07F8 /* RegisterPhotoViewController.swift */,
				5E6D0D152197551800186390 /* RegisterUserViewController.swift */,
			);
			path = OnBoarding;
			sourceTree = "<group>";
		};
		5E7FE6392177523D0029E035 /* Login */ = {
			isa = PBXGroup;
			children = (
				3FF84E6E23EDF359001E7D0A /* LoginView.swift */,
				5ED085D4215B06E300293516 /* LoginViewController.swift */,
				3FF84E6C23EDEC1A001E7D0A /* LoginViewModel.swift */,
			);
			path = Login;
			sourceTree = "<group>";
		};
		5E7FE63A2177525F0029E035 /* Register */ = {
			isa = PBXGroup;
			children = (
				5E7FE63B217752920029E035 /* UserRegisterViewModel.swift */,
				5E7FE6352176B8100029E035 /* RegisterViewController.swift */,
			);
			name = Register;
			path = Login;
			sourceTree = "<group>";
		};
		5E92EA9D21623ECF000E0EE4 /* Profile */ = {
			isa = PBXGroup;
			children = (
				5E92EAA921624324000E0EE4 /* Profile.storyboard */,
				5E92EAAB21624333000E0EE4 /* ProfileViewController.swift */,
			);
			path = Profile;
			sourceTree = "<group>";
		};
		5E92EA9F21624075000E0EE4 /* Groups */ = {
			isa = PBXGroup;
			children = (
				5E92EAA121624235000E0EE4 /* Groups.storyboard */,
				5E0E84AA218BEB4600A8157D /* Rooms */,
				5E0AE3A2217FD22B00E49FA4 /* DetailRoom */,
				5ED462B621A869960041EE23 /* ApplyFee */,
				5E0E84A9218BEAC600A8157D /* ShareRoom */,
				5E6BC3E02180E368004DD9A7 /* SearchRoom */,
				5EDAD568217922FE008E4609 /* AddRoom */,
			);
			path = Groups;
			sourceTree = "<group>";
		};
		5E92EAA0216241FF000E0EE4 /* Statistics */ = {
			isa = PBXGroup;
			children = (
				5E92EAA5216242A6000E0EE4 /* Statistics.storyboard */,
				5E92EAA7216242E7000E0EE4 /* StatisticsViewController.swift */,
			);
			path = Statistics;
			sourceTree = "<group>";
		};
		5ED08586215AFF9A00293516 = {
			isa = PBXGroup;
			children = (
				3F42157523F3293800A631CF /* R.swift.Library.xcodeproj */,
				5ED08591215AFF9A00293516 /* Multometro */,
				5ED085A9215AFF9D00293516 /* MultometroTests */,
				5ED085B4215AFF9D00293516 /* MultometroUITests */,
				5ED08590215AFF9A00293516 /* Products */,
				A972C9646904D407794A56DB /* Frameworks */,
			);
			sourceTree = "<group>";
		};
		5ED08590215AFF9A00293516 /* Products */ = {
			isa = PBXGroup;
			children = (
				5ED0858F215AFF9A00293516 /* Multometro.app */,
				5ED085A6215AFF9D00293516 /* MultometroTests.xctest */,
				5ED085B1215AFF9D00293516 /* MultometroUITests.xctest */,
			);
			name = Products;
			sourceTree = "<group>";
		};
		5ED08591215AFF9A00293516 /* Multometro */ = {
			isa = PBXGroup;
			children = (
				3FF84E6023EDE920001E7D0A /* Coordinator */,
				5EE56AFC2177E5E6006CC532 /* Extensions */,
				5ED085C3215AFFCC00293516 /* Com */,
				5ED085C5215B001200293516 /* Networking */,
				5ED085C7215B007500293516 /* Persistence */,
				5ED085C4215B000B00293516 /* Model */,
				5ED085C8215B00B100293516 /* App */,
				5ED085C6215B003B00293516 /* Supp */,
			);
			path = Multometro;
			sourceTree = "<group>";
		};
		5ED085A9215AFF9D00293516 /* MultometroTests */ = {
			isa = PBXGroup;
			children = (
				5ED085AA215AFF9D00293516 /* MultometroTests.swift */,
				5ED085AC215AFF9D00293516 /* Info.plist */,
			);
			path = MultometroTests;
			sourceTree = "<group>";
		};
		5ED085B4215AFF9D00293516 /* MultometroUITests */ = {
			isa = PBXGroup;
			children = (
				5ED085B5215AFF9D00293516 /* MultometroUITests.swift */,
				5ED085B7215AFF9D00293516 /* Info.plist */,
			);
			path = MultometroUITests;
			sourceTree = "<group>";
		};
		5ED085C3215AFFCC00293516 /* Com */ = {
			isa = PBXGroup;
			children = (
				3FF84E7023EDF3E6001E7D0A /* GeneralProtocols */,
				5E01AA72219F32C20005FA43 /* LoadingIndicator */,
				5E85F14F215ED2A300918BA5 /* ValidatingError.swift */,
				5E85F14B215ECAD000918BA5 /* Response.swift */,
				5E92EA9B21607437000E0EE4 /* Strings.strings */,
				5E7FE6372176B9940029E035 /* Localizable.strings */,
			);
			path = Com;
			sourceTree = "<group>";
		};
		5ED085C4215B000B00293516 /* Model */ = {
			isa = PBXGroup;
			children = (
				5E6C7E972163815600AE8260 /* MultometroUser.swift */,
				5E578A6E21F10849006B24C5 /* UserInRoom.swift */,
				5E6C7E9B21638A9B00AE8260 /* Room.swift */,
				5E6C7E99216388D100AE8260 /* Rule.swift */,
				5E55B35D21BB0C990076333B /* AppliedFee.swift */,
			);
			path = Model;
			sourceTree = "<group>";
		};
		5ED085C5215B001200293516 /* Networking */ = {
			isa = PBXGroup;
			children = (
				5E6D0D0C2195F49000186390 /* NetworkingManager.swift */,
				5ED085CB215B00E900293516 /* AuthManager.swift */,
				5E6D0D0E219736CD00186390 /* UserRequester.swift */,
				5E6C7E9D21638BAF00AE8260 /* RoomRequester.swift */,
				5E2C83B721DC24360014A4DE /* HTTPRequester.swift */,
				5E67EBEE21F005DA005F8CC4 /* Errors.swift */,
			);
			path = Networking;
			sourceTree = "<group>";
		};
		5ED085C6215B003B00293516 /* Supp */ = {
			isa = PBXGroup;
			children = (
				5ED08592215AFF9B00293516 /* AppDelegate.swift */,
				5E7FE6332176B3740029E035 /* R.generated.swift */,
				5E92EAB321627F57000E0EE4 /* Assets.xcassets */,
				5ED085A1215AFF9D00293516 /* Info.plist */,
				5ED0859E215AFF9D00293516 /* LaunchScreen.storyboard */,
			);
			path = Supp;
			sourceTree = "<group>";
		};
		5ED085C7215B007500293516 /* Persistence */ = {
			isa = PBXGroup;
			children = (
				5EE5860E21EEBD1A00A824A7 /* Keychain */,
				5E6D0D10219753D400186390 /* CoreDataManager.swift */,
				5E28267D21F389CF00CE68C7 /* Multometro.xcdatamodeld */,
			);
			path = Persistence;
			sourceTree = "<group>";
		};
		5ED085C8215B00B100293516 /* App */ = {
			isa = PBXGroup;
			children = (
				3FF84E6723EDEA67001E7D0A /* TabBar */,
				5ED085D3215B06CE00293516 /* Auth */,
				5E6D0D12219754CB00186390 /* OnBoarding */,
				5ED085D0215B059000293516 /* Main */,
				5E92EA9F21624075000E0EE4 /* Groups */,
				5E92EAA0216241FF000E0EE4 /* Statistics */,
				5E92EA9D21623ECF000E0EE4 /* Profile */,
			);
			path = App;
			sourceTree = "<group>";
		};
		5ED085D0215B059000293516 /* Main */ = {
			isa = PBXGroup;
			children = (
				5ED08596215AFF9B00293516 /* Main.storyboard */,
				5ED08594215AFF9B00293516 /* MainTabBarController.swift */,
			);
			path = Main;
			sourceTree = "<group>";
		};
		5ED085D3215B06CE00293516 /* Auth */ = {
			isa = PBXGroup;
			children = (
				5ED085D6215B06F300293516 /* Login.storyboard */,
				3FF84E6A23EDEB94001E7D0A /* AuthCoordnator.swift */,
				5E7FE6392177523D0029E035 /* Login */,
				5E7FE63A2177525F0029E035 /* Register */,
			);
			path = Auth;
			sourceTree = "<group>";
		};
		5ED462B621A869960041EE23 /* ApplyFee */ = {
			isa = PBXGroup;
			children = (
				5ED462B721A86A730041EE23 /* ApplyFeeViewController.swift */,
			);
			path = ApplyFee;
			sourceTree = "<group>";
		};
		5ED462B921A8A3EC0041EE23 /* Cells */ = {
			isa = PBXGroup;
			children = (
				5E66B86C217C0BAA002BB3AF /* GroupCell.swift */,
			);
			path = Cells;
			sourceTree = "<group>";
		};
		5EDAD568217922FE008E4609 /* AddRoom */ = {
			isa = PBXGroup;
			children = (
				5EC89767217A69AD00C65CF9 /* RoomRegisterCell.swift */,
				5EC89769217A73DB00C65CF9 /* AddFeeHeaderCell.swift */,
				5EC8976B217A7C0700C65CF9 /* AddFeeRegisterCell.swift */,
				5EDAD5662178FAA9008E4609 /* AddNewGroupViewController.swift */,
			);
			path = AddRoom;
			sourceTree = "<group>";
		};
		5EE430BC219255CD00923BD6 /* DetailFields(Room) */ = {
			isa = PBXGroup;
			children = (
				5EE430B9219255C200923BD6 /* DetailRoomFields.xib */,
				5EE430B8219255C200923BD6 /* DetailRoomFields.swift */,
			);
			path = "DetailFields(Room)";
			sourceTree = "<group>";
		};
		5EE56AFC2177E5E6006CC532 /* Extensions */ = {
			isa = PBXGroup;
			children = (
				5EE56AFD2177E61A006CC532 /* ViewController.swift+AlertController.swift */,
				3FCCD24023F34D460068C3D4 /* ViewController+Presentable.swift */,
				5EC89765217A501500C65CF9 /* ExtensionUIView.swift */,
				5E66B866217BA3EF002BB3AF /* ExtensionUIColor.swift */,
				5E66B86A217BFF5A002BB3AF /* ExtensionCodable.swift */,
				5E0796BD21F24F3000927021 /* ExtensionDate.swift */,
				5E7DDF5D21F3BF6100C15320 /* ExtensionString.swift */,
				3FCCD24723F34DEF0068C3D4 /* Reactive.swift */,
			);
			path = Extensions;
			sourceTree = "<group>";
		};
		5EE5860E21EEBD1A00A824A7 /* Keychain */ = {
			isa = PBXGroup;
			children = (
				5EE5860C21ED298700A824A7 /* KeychainHelper.swift */,
				5EE5860F21EEBDFE00A824A7 /* KeychainConfiguration.swift */,
			);
			path = Keychain;
			sourceTree = "<group>";
		};
		A972C9646904D407794A56DB /* Frameworks */ = {
			isa = PBXGroup;
			children = (
				3F9738AF23F32368004D93C9 /* RxCocoa.framework */,
				3F9738A623F322E5004D93C9 /* IQKeyboardManager.framework */,
				3F9738A323F322E5004D93C9 /* Kingfisher.framework */,
				3F9738A523F322E5004D93C9 /* RxRelay.framework */,
				3F9738A423F322E5004D93C9 /* RxSwift.framework */,
				3FF84E8323F2EE88001E7D0A /* SnapKit.framework */,
				3FF84E8823F305AA001E7D0A /* SnapKit.framework */,
			);
			name = Frameworks;
			sourceTree = "<group>";
		};
/* End PBXGroup section */

/* Begin PBXNativeTarget section */
		5ED0858E215AFF9A00293516 /* Multometro */ = {
			isa = PBXNativeTarget;
			buildConfigurationList = 5ED085BA215AFF9D00293516 /* Build configuration list for PBXNativeTarget "Multometro" */;
			buildPhases = (
				5E55B35F21BB14950076333B /* Start timer */,
				3F42158923F32E1700A631CF /* RSwift */,
				5ED0858B215AFF9A00293516 /* Sources */,
				5ED0858C215AFF9A00293516 /* Frameworks */,
				5ED0858D215AFF9A00293516 /* Resources */,
				5E55B36021BB14E80076333B /* Finish timer */,
				3FF84E8B23F305AA001E7D0A /* Embed Frameworks */,
				3FF84E8723F2EED4001E7D0A /* ShellScript */,
			);
			buildRules = (
			);
			dependencies = (
			);
			name = Multometro;
			productName = Multometro;
			productReference = 5ED0858F215AFF9A00293516 /* Multometro.app */;
			productType = "com.apple.product-type.application";
		};
		5ED085A5215AFF9D00293516 /* MultometroTests */ = {
			isa = PBXNativeTarget;
			buildConfigurationList = 5ED085BD215AFF9D00293516 /* Build configuration list for PBXNativeTarget "MultometroTests" */;
			buildPhases = (
				5ED085A2215AFF9D00293516 /* Sources */,
				5ED085A3215AFF9D00293516 /* Frameworks */,
				5ED085A4215AFF9D00293516 /* Resources */,
			);
			buildRules = (
			);
			dependencies = (
				5ED085A8215AFF9D00293516 /* PBXTargetDependency */,
			);
			name = MultometroTests;
			productName = MultometroTests;
			productReference = 5ED085A6215AFF9D00293516 /* MultometroTests.xctest */;
			productType = "com.apple.product-type.bundle.unit-test";
		};
		5ED085B0215AFF9D00293516 /* MultometroUITests */ = {
			isa = PBXNativeTarget;
			buildConfigurationList = 5ED085C0215AFF9D00293516 /* Build configuration list for PBXNativeTarget "MultometroUITests" */;
			buildPhases = (
				5ED085AD215AFF9D00293516 /* Sources */,
				5ED085AE215AFF9D00293516 /* Frameworks */,
				5ED085AF215AFF9D00293516 /* Resources */,
			);
			buildRules = (
			);
			dependencies = (
				5ED085B3215AFF9D00293516 /* PBXTargetDependency */,
			);
			name = MultometroUITests;
			productName = MultometroUITests;
			productReference = 5ED085B1215AFF9D00293516 /* MultometroUITests.xctest */;
			productType = "com.apple.product-type.bundle.ui-testing";
		};
/* End PBXNativeTarget section */

/* Begin PBXProject section */
		5ED08587215AFF9A00293516 /* Project object */ = {
			isa = PBXProject;
			attributes = {
				LastSwiftUpdateCheck = 1000;
				LastUpgradeCheck = 1010;
				ORGANIZATIONNAME = CrowCode;
				TargetAttributes = {
					5ED0858E215AFF9A00293516 = {
						CreatedOnToolsVersion = 10.0;
					};
					5ED085A5215AFF9D00293516 = {
						CreatedOnToolsVersion = 10.0;
						TestTargetID = 5ED0858E215AFF9A00293516;
					};
					5ED085B0215AFF9D00293516 = {
						CreatedOnToolsVersion = 10.0;
						TestTargetID = 5ED0858E215AFF9A00293516;
					};
				};
			};
			buildConfigurationList = 5ED0858A215AFF9A00293516 /* Build configuration list for PBXProject "Multometro" */;
			compatibilityVersion = "Xcode 9.3";
			developmentRegion = en;
			hasScannedForEncodings = 0;
			knownRegions = (
				en,
				Base,
			);
			mainGroup = 5ED08586215AFF9A00293516;
			productRefGroup = 5ED08590215AFF9A00293516 /* Products */;
			projectDirPath = "";
			projectReferences = (
				{
					ProductGroup = 3F42157623F3293800A631CF /* Products */;
					ProjectRef = 3F42157523F3293800A631CF /* R.swift.Library.xcodeproj */;
				},
			);
			projectRoot = "";
			targets = (
				5ED0858E215AFF9A00293516 /* Multometro */,
				5ED085A5215AFF9D00293516 /* MultometroTests */,
				5ED085B0215AFF9D00293516 /* MultometroUITests */,
			);
		};
/* End PBXProject section */

/* Begin PBXReferenceProxy section */
		3F42157E23F3293800A631CF /* Rswift.framework */ = {
			isa = PBXReferenceProxy;
			fileType = wrapper.framework;
			path = Rswift.framework;
			remoteRef = 3F42157D23F3293800A631CF /* PBXContainerItemProxy */;
			sourceTree = BUILT_PRODUCTS_DIR;
		};
		3F42158023F3293800A631CF /* RswiftTests-iOS.xctest */ = {
			isa = PBXReferenceProxy;
			fileType = wrapper.cfbundle;
			path = "RswiftTests-iOS.xctest";
			remoteRef = 3F42157F23F3293800A631CF /* PBXContainerItemProxy */;
			sourceTree = BUILT_PRODUCTS_DIR;
		};
		3F42158223F3293800A631CF /* Rswift.framework */ = {
			isa = PBXReferenceProxy;
			fileType = wrapper.framework;
			path = Rswift.framework;
			remoteRef = 3F42158123F3293800A631CF /* PBXContainerItemProxy */;
			sourceTree = BUILT_PRODUCTS_DIR;
		};
		3F42158423F3293800A631CF /* RswiftTests-tvOS.xctest */ = {
			isa = PBXReferenceProxy;
			fileType = wrapper.cfbundle;
			path = "RswiftTests-tvOS.xctest";
			remoteRef = 3F42158323F3293800A631CF /* PBXContainerItemProxy */;
			sourceTree = BUILT_PRODUCTS_DIR;
		};
		3F42158623F3293800A631CF /* Rswift.framework */ = {
			isa = PBXReferenceProxy;
			fileType = wrapper.framework;
			path = Rswift.framework;
			remoteRef = 3F42158523F3293800A631CF /* PBXContainerItemProxy */;
			sourceTree = BUILT_PRODUCTS_DIR;
		};
/* End PBXReferenceProxy section */

/* Begin PBXResourcesBuildPhase section */
		5ED0858D215AFF9A00293516 /* Resources */ = {
			isa = PBXResourcesBuildPhase;
			buildActionMask = 2147483647;
			files = (
				5ED085A0215AFF9D00293516 /* LaunchScreen.storyboard in Resources */,
				5ED08598215AFF9B00293516 /* Main.storyboard in Resources */,
				5ED085D7215B06F300293516 /* Login.storyboard in Resources */,
				5E92EAA6216242A6000E0EE4 /* Statistics.storyboard in Resources */,
				5E01AA82219F684F0005FA43 /* HeaderCell.xib in Resources */,
				5E7FE6382176B9940029E035 /* Localizable.strings in Resources */,
				5E6D0D14219754F200186390 /* RegisterUser.storyboard in Resources */,
				5E92EAAA21624324000E0EE4 /* Profile.storyboard in Resources */,
				5E92EA9C21607437000E0EE4 /* Strings.strings in Resources */,
				5E92EAB421627F57000E0EE4 /* Assets.xcassets in Resources */,
				5E01AA74219F32E80005FA43 /* LoadingView.xib in Resources */,
				5E755C1521A0A40500E405FB /* FeeCell.xib in Resources */,
				5E92EAA221624235000E0EE4 /* Groups.storyboard in Resources */,
				5EE430BB219255C200923BD6 /* DetailRoomFields.xib in Resources */,
				5E01AA8C21A0861F0005FA43 /* UserCell.xib in Resources */,
			);
			runOnlyForDeploymentPostprocessing = 0;
		};
		5ED085A4215AFF9D00293516 /* Resources */ = {
			isa = PBXResourcesBuildPhase;
			buildActionMask = 2147483647;
			files = (
			);
			runOnlyForDeploymentPostprocessing = 0;
		};
		5ED085AF215AFF9D00293516 /* Resources */ = {
			isa = PBXResourcesBuildPhase;
			buildActionMask = 2147483647;
			files = (
			);
			runOnlyForDeploymentPostprocessing = 0;
		};
/* End PBXResourcesBuildPhase section */

/* Begin PBXShellScriptBuildPhase section */
		3F42158923F32E1700A631CF /* RSwift */ = {
			isa = PBXShellScriptBuildPhase;
			buildActionMask = 2147483647;
			files = (
			);
			inputFileListPaths = (
			);
			inputPaths = (
				"$TEMP_DIR/rswift-lastrun",
			);
			name = RSwift;
			outputFileListPaths = (
			);
			outputPaths = (
				$SRCROOT/R.generated.swift,
			);
			runOnlyForDeploymentPostprocessing = 0;
			shellPath = /bin/sh;
			shellScript = "\"$SRCROOT/R.swift/rswift\" generate \"$SRCROOT/R.generated.swift\"\n";
		};
		3FF84E8723F2EED4001E7D0A /* ShellScript */ = {
			isa = PBXShellScriptBuildPhase;
			buildActionMask = 2147483647;
			files = (
			);
			inputFileListPaths = (
			);
			inputPaths = (
				"$(SRCROOT)/Carthage/Build/iOS/IQKeyboardManager.framework",
				"$(SRCROOT)/Carthage/Build/iOS/Kingfisher.framework",
				"$(SRCROOT)/Carthage/Build/iOS/SnapKit.framework",
				"$(SRCROOT)/Carthage/Build/iOS/RxSwift.framework",
				"$(SRCROOT)/Carthage/Build/iOS/RxCocoa.framework",
				"$(SRCROOT)/Carthage/Build/iOS/RxRelay.framework",
			);
			outputFileListPaths = (
			);
			outputPaths = (
			);
			runOnlyForDeploymentPostprocessing = 0;
			shellPath = /bin/sh;
			shellScript = "/usr/local/bin/carthage copy-frameworks\n";
		};
		5E55B35F21BB14950076333B /* Start timer */ = {
			isa = PBXShellScriptBuildPhase;
			buildActionMask = 2147483647;
			files = (
			);
			inputFileListPaths = (
			);
			inputPaths = (
			);
			name = "Start timer";
			outputFileListPaths = (
			);
			outputPaths = (
			);
			runOnlyForDeploymentPostprocessing = 0;
			shellPath = /bin/sh;
			shellScript = "# Type a script or drag a script file from your workspace to insert its path.\n \necho \"________________________________ START HERE _____________________________________\"\necho \"$(date +%s)\" > \"buildtimes.log\"\n\n";
		};
		5E55B36021BB14E80076333B /* Finish timer */ = {
			isa = PBXShellScriptBuildPhase;
			buildActionMask = 2147483647;
			files = (
			);
			inputFileListPaths = (
			);
			inputPaths = (
			);
			name = "Finish timer";
			outputFileListPaths = (
			);
			outputPaths = (
			);
			runOnlyForDeploymentPostprocessing = 0;
			shellPath = /bin/sh;
			shellScript = "# Type a script or drag a script file from your workspace to insert its path.\nstartime=$(<buildtimes.log)\nendtime=$(date +%s)\ndeltatime=$((endtime-startime))\nnewline=$'\\n'\necho \"________________________________ END HERE _____________________________________\"\necho \"[Start] $startime$newline[End] $endtime$newline[Delta] $deltatime\" > \"buildtimes.log\"\n\n\n\n";
		};
/* End PBXShellScriptBuildPhase section */

/* Begin PBXSourcesBuildPhase section */
		5ED0858B215AFF9A00293516 /* Sources */ = {
			isa = PBXSourcesBuildPhase;
			buildActionMask = 2147483647;
			files = (
				5E6C7E982163815700AE8260 /* MultometroUser.swift in Sources */,
				5E85F14C215ECAD000918BA5 /* Response.swift in Sources */,
				5EE56AFE2177E61A006CC532 /* ViewController.swift+AlertController.swift in Sources */,
				5E6BC3DF2180B2BD004DD9A7 /* QRViewController.swift in Sources */,
				5E6D0D11219753D400186390 /* CoreDataManager.swift in Sources */,
				5EDAD5672178FAA9008E4609 /* AddNewGroupViewController.swift in Sources */,
				5E55B35E21BB0C990076333B /* AppliedFee.swift in Sources */,
				5E0796BE21F24F3000927021 /* ExtensionDate.swift in Sources */,
				3FF84E6F23EDF359001E7D0A /* LoginView.swift in Sources */,
				3FF84E6D23EDEC1A001E7D0A /* LoginViewModel.swift in Sources */,
				5E28267F21F389CF00CE68C7 /* Multometro.xcdatamodeld in Sources */,
				5E01AA8B21A0861F0005FA43 /* UserCell.swift in Sources */,
				3FF84E7823EE053F001E7D0A /* LaunchInstructor.swift in Sources */,
				5E578A6F21F10849006B24C5 /* UserInRoom.swift in Sources */,
				3FCCD24823F34DEF0068C3D4 /* Reactive.swift in Sources */,
				3FF84E7623EDFA54001E7D0A /* TabBarController.swift in Sources */,
				5E7FE6342176B3740029E035 /* R.generated.swift in Sources */,
				5EE5860D21ED298700A824A7 /* KeychainHelper.swift in Sources */,
				5E7FE63C217752920029E035 /* UserRegisterViewModel.swift in Sources */,
				5ED085D5215B06E300293516 /* LoginViewController.swift in Sources */,
				3FF84E8023F20133001E7D0A /* Presentable.swift in Sources */,
				3FF84E6423EDEA29001E7D0A /* BaseCoordinator.swift in Sources */,
				5E66B86D217C0BAA002BB3AF /* GroupCell.swift in Sources */,
				3FF84E7B23F1F59E001E7D0A /* ViewControllerFactory.swift in Sources */,
				5EE430BA219255C200923BD6 /* DetailRoomFields.swift in Sources */,
				5ED08595215AFF9B00293516 /* MainTabBarController.swift in Sources */,
				5ED08593215AFF9B00293516 /* AppDelegate.swift in Sources */,
				3FF84E7E23F20100001E7D0A /* Router.swift in Sources */,
				5E67EBEF21F005DA005F8CC4 /* Errors.swift in Sources */,
				5E7DDF5E21F3BF6100C15320 /* ExtensionString.swift in Sources */,
				5E6BC3E22180E39C004DD9A7 /* SearchRoomViewController.swift in Sources */,
				3FF84E7223EDF403001E7D0A /* StartableViewController.swift in Sources */,
				5EC89768217A69AD00C65CF9 /* RoomRegisterCell.swift in Sources */,
				5E0AE3A4217FD24200E49FA4 /* DetailRoomViewController.swift in Sources */,
				5E6D0D162197551800186390 /* RegisterUserViewController.swift in Sources */,
				5E01AA76219F32FD0005FA43 /* LoadingView.swift in Sources */,
				5E01AA81219F684F0005FA43 /* HeaderCell.swift in Sources */,
				5E92EAA42162427D000E0EE4 /* GroupsViewController.swift in Sources */,
				5E92EAA8216242E7000E0EE4 /* StatisticsViewController.swift in Sources */,
				5E92EAAC21624333000E0EE4 /* ProfileViewController.swift in Sources */,
				5E6C7E9E21638BAF00AE8260 /* RoomRequester.swift in Sources */,
				5E6D0D0F219736CD00186390 /* UserRequester.swift in Sources */,
				5E85F150215ED2A300918BA5 /* ValidatingError.swift in Sources */,
				5E66B86B217BFF5A002BB3AF /* ExtensionCodable.swift in Sources */,
				5E6D0D0D2195F49000186390 /* NetworkingManager.swift in Sources */,
				3FF84E6623EDEA3F001E7D0A /* AppCoordinator.swift in Sources */,
				5EE5861021EEBDFE00A824A7 /* KeychainConfiguration.swift in Sources */,
				5EC89766217A501500C65CF9 /* ExtensionUIView.swift in Sources */,
				5E7FE6362176B8100029E035 /* RegisterViewController.swift in Sources */,
				5EC8976C217A7C0700C65CF9 /* AddFeeRegisterCell.swift in Sources */,
				5E2C83B821DC24360014A4DE /* HTTPRequester.swift in Sources */,
				5EC8976A217A73DB00C65CF9 /* AddFeeHeaderCell.swift in Sources */,
				3FF84E8223F20262001E7D0A /* CoordinatorFactory.swift in Sources */,
				3FCCD24123F34D460068C3D4 /* ViewController+Presentable.swift in Sources */,
				3FF84E6923EDEA74001E7D0A /* TabBarCoordinator.swift in Sources */,
				5E66B867217BA3EF002BB3AF /* ExtensionUIColor.swift in Sources */,
				5E755C1421A0A40500E405FB /* FeeCell.swift in Sources */,
				3FF84E6223EDE938001E7D0A /* Coordinator.swift in Sources */,
				5ED462B821A86A730041EE23 /* ApplyFeeViewController.swift in Sources */,
				3FF84E7423EDF41E001E7D0A /* CodeView.swift in Sources */,
				5E6C7E9A216388D100AE8260 /* Rule.swift in Sources */,
				3FF84E6B23EDEB94001E7D0A /* AuthCoordnator.swift in Sources */,
				5ED085CC215B00E900293516 /* AuthManager.swift in Sources */,
				5E13008021B68BF7006B07F8 /* RegisterPhotoViewController.swift in Sources */,
				5E6C7E9C21638A9B00AE8260 /* Room.swift in Sources */,
			);
			runOnlyForDeploymentPostprocessing = 0;
		};
		5ED085A2215AFF9D00293516 /* Sources */ = {
			isa = PBXSourcesBuildPhase;
			buildActionMask = 2147483647;
			files = (
				5ED085AB215AFF9D00293516 /* MultometroTests.swift in Sources */,
			);
			runOnlyForDeploymentPostprocessing = 0;
		};
		5ED085AD215AFF9D00293516 /* Sources */ = {
			isa = PBXSourcesBuildPhase;
			buildActionMask = 2147483647;
			files = (
				5ED085B6215AFF9D00293516 /* MultometroUITests.swift in Sources */,
			);
			runOnlyForDeploymentPostprocessing = 0;
		};
/* End PBXSourcesBuildPhase section */

/* Begin PBXTargetDependency section */
		5ED085A8215AFF9D00293516 /* PBXTargetDependency */ = {
			isa = PBXTargetDependency;
			target = 5ED0858E215AFF9A00293516 /* Multometro */;
			targetProxy = 5ED085A7215AFF9D00293516 /* PBXContainerItemProxy */;
		};
		5ED085B3215AFF9D00293516 /* PBXTargetDependency */ = {
			isa = PBXTargetDependency;
			target = 5ED0858E215AFF9A00293516 /* Multometro */;
			targetProxy = 5ED085B2215AFF9D00293516 /* PBXContainerItemProxy */;
		};
/* End PBXTargetDependency section */

/* Begin PBXVariantGroup section */
		5ED08596215AFF9B00293516 /* Main.storyboard */ = {
			isa = PBXVariantGroup;
			children = (
				5ED08597215AFF9B00293516 /* Base */,
			);
			name = Main.storyboard;
			sourceTree = "<group>";
		};
		5ED0859E215AFF9D00293516 /* LaunchScreen.storyboard */ = {
			isa = PBXVariantGroup;
			children = (
				5ED0859F215AFF9D00293516 /* Base */,
			);
			name = LaunchScreen.storyboard;
			sourceTree = "<group>";
		};
/* End PBXVariantGroup section */

/* Begin XCBuildConfiguration section */
		5ED085B8215AFF9D00293516 /* Debug */ = {
			isa = XCBuildConfiguration;
			buildSettings = {
				ALWAYS_SEARCH_USER_PATHS = NO;
				CLANG_ANALYZER_NONNULL = YES;
				CLANG_ANALYZER_NUMBER_OBJECT_CONVERSION = YES_AGGRESSIVE;
				CLANG_CXX_LANGUAGE_STANDARD = "gnu++14";
				CLANG_CXX_LIBRARY = "libc++";
				CLANG_ENABLE_MODULES = YES;
				CLANG_ENABLE_OBJC_ARC = YES;
				CLANG_ENABLE_OBJC_WEAK = YES;
				CLANG_WARN_BLOCK_CAPTURE_AUTORELEASING = YES;
				CLANG_WARN_BOOL_CONVERSION = YES;
				CLANG_WARN_COMMA = YES;
				CLANG_WARN_CONSTANT_CONVERSION = YES;
				CLANG_WARN_DEPRECATED_OBJC_IMPLEMENTATIONS = YES;
				CLANG_WARN_DIRECT_OBJC_ISA_USAGE = YES_ERROR;
				CLANG_WARN_DOCUMENTATION_COMMENTS = YES;
				CLANG_WARN_EMPTY_BODY = YES;
				CLANG_WARN_ENUM_CONVERSION = YES;
				CLANG_WARN_INFINITE_RECURSION = YES;
				CLANG_WARN_INT_CONVERSION = YES;
				CLANG_WARN_NON_LITERAL_NULL_CONVERSION = YES;
				CLANG_WARN_OBJC_IMPLICIT_RETAIN_SELF = YES;
				CLANG_WARN_OBJC_LITERAL_CONVERSION = YES;
				CLANG_WARN_OBJC_ROOT_CLASS = YES_ERROR;
				CLANG_WARN_RANGE_LOOP_ANALYSIS = YES;
				CLANG_WARN_STRICT_PROTOTYPES = YES;
				CLANG_WARN_SUSPICIOUS_MOVE = YES;
				CLANG_WARN_UNGUARDED_AVAILABILITY = YES_AGGRESSIVE;
				CLANG_WARN_UNREACHABLE_CODE = YES;
				CLANG_WARN__DUPLICATE_METHOD_MATCH = YES;
				CODE_SIGN_IDENTITY = "iPhone Developer";
				COPY_PHASE_STRIP = NO;
				DEBUG_INFORMATION_FORMAT = dwarf;
				ENABLE_STRICT_OBJC_MSGSEND = YES;
				ENABLE_TESTABILITY = YES;
				GCC_C_LANGUAGE_STANDARD = gnu11;
				GCC_DYNAMIC_NO_PIC = NO;
				GCC_NO_COMMON_BLOCKS = YES;
				GCC_OPTIMIZATION_LEVEL = 0;
				GCC_PREPROCESSOR_DEFINITIONS = (
					"DEBUG=1",
					"$(inherited)",
				);
				GCC_WARN_64_TO_32_BIT_CONVERSION = YES;
				GCC_WARN_ABOUT_RETURN_TYPE = YES_ERROR;
				GCC_WARN_UNDECLARED_SELECTOR = YES;
				GCC_WARN_UNINITIALIZED_AUTOS = YES_AGGRESSIVE;
				GCC_WARN_UNUSED_FUNCTION = YES;
				GCC_WARN_UNUSED_VARIABLE = YES;
				IPHONEOS_DEPLOYMENT_TARGET = 11.3;
				MTL_ENABLE_DEBUG_INFO = INCLUDE_SOURCE;
				MTL_FAST_MATH = YES;
				ONLY_ACTIVE_ARCH = YES;
				OTHER_SWIFT_FLAGS = "-Xfrontend -warn-long-expression-type-checking=200 -Xfrontend -warn-long-function-bodies=200";
				SDKROOT = iphoneos;
				SWIFT_ACTIVE_COMPILATION_CONDITIONS = DEBUG;
				SWIFT_OPTIMIZATION_LEVEL = "-Onone";
			};
			name = Debug;
		};
		5ED085B9215AFF9D00293516 /* Release */ = {
			isa = XCBuildConfiguration;
			buildSettings = {
				ALWAYS_SEARCH_USER_PATHS = NO;
				CLANG_ANALYZER_NONNULL = YES;
				CLANG_ANALYZER_NUMBER_OBJECT_CONVERSION = YES_AGGRESSIVE;
				CLANG_CXX_LANGUAGE_STANDARD = "gnu++14";
				CLANG_CXX_LIBRARY = "libc++";
				CLANG_ENABLE_MODULES = YES;
				CLANG_ENABLE_OBJC_ARC = YES;
				CLANG_ENABLE_OBJC_WEAK = YES;
				CLANG_WARN_BLOCK_CAPTURE_AUTORELEASING = YES;
				CLANG_WARN_BOOL_CONVERSION = YES;
				CLANG_WARN_COMMA = YES;
				CLANG_WARN_CONSTANT_CONVERSION = YES;
				CLANG_WARN_DEPRECATED_OBJC_IMPLEMENTATIONS = YES;
				CLANG_WARN_DIRECT_OBJC_ISA_USAGE = YES_ERROR;
				CLANG_WARN_DOCUMENTATION_COMMENTS = YES;
				CLANG_WARN_EMPTY_BODY = YES;
				CLANG_WARN_ENUM_CONVERSION = YES;
				CLANG_WARN_INFINITE_RECURSION = YES;
				CLANG_WARN_INT_CONVERSION = YES;
				CLANG_WARN_NON_LITERAL_NULL_CONVERSION = YES;
				CLANG_WARN_OBJC_IMPLICIT_RETAIN_SELF = YES;
				CLANG_WARN_OBJC_LITERAL_CONVERSION = YES;
				CLANG_WARN_OBJC_ROOT_CLASS = YES_ERROR;
				CLANG_WARN_RANGE_LOOP_ANALYSIS = YES;
				CLANG_WARN_STRICT_PROTOTYPES = YES;
				CLANG_WARN_SUSPICIOUS_MOVE = YES;
				CLANG_WARN_UNGUARDED_AVAILABILITY = YES_AGGRESSIVE;
				CLANG_WARN_UNREACHABLE_CODE = YES;
				CLANG_WARN__DUPLICATE_METHOD_MATCH = YES;
				CODE_SIGN_IDENTITY = "iPhone Developer";
				COPY_PHASE_STRIP = NO;
				DEBUG_INFORMATION_FORMAT = "dwarf-with-dsym";
				ENABLE_NS_ASSERTIONS = NO;
				ENABLE_STRICT_OBJC_MSGSEND = YES;
				GCC_C_LANGUAGE_STANDARD = gnu11;
				GCC_NO_COMMON_BLOCKS = YES;
				GCC_WARN_64_TO_32_BIT_CONVERSION = YES;
				GCC_WARN_ABOUT_RETURN_TYPE = YES_ERROR;
				GCC_WARN_UNDECLARED_SELECTOR = YES;
				GCC_WARN_UNINITIALIZED_AUTOS = YES_AGGRESSIVE;
				GCC_WARN_UNUSED_FUNCTION = YES;
				GCC_WARN_UNUSED_VARIABLE = YES;
				IPHONEOS_DEPLOYMENT_TARGET = 11.3;
				MTL_ENABLE_DEBUG_INFO = NO;
				MTL_FAST_MATH = YES;
				SDKROOT = iphoneos;
				SWIFT_COMPILATION_MODE = wholemodule;
				SWIFT_OPTIMIZATION_LEVEL = "-O";
				VALIDATE_PRODUCT = YES;
			};
			name = Release;
		};
		5ED085BB215AFF9D00293516 /* Debug */ = {
			isa = XCBuildConfiguration;
			buildSettings = {
				ASSETCATALOG_COMPILER_APPICON_NAME = AppIcon;
				CODE_SIGN_IDENTITY = "Apple Development";
				CODE_SIGN_STYLE = Automatic;
				DEVELOPMENT_TEAM = J8JPD2534R;
				FRAMEWORK_SEARCH_PATHS = (
					"$(inherited)",
					"$(PROJECT_DIR)/Carthage/Build/iOS",
				);
				INFOPLIST_FILE = "$(SRCROOT)/Multometro/Supp/Info.plist";
				IPHONEOS_DEPLOYMENT_TARGET = 11.0;
				LD_RUNPATH_SEARCH_PATHS = (
					"$(inherited)",
					"@executable_path/Frameworks",
				);
				OTHER_SWIFT_FLAGS = "$(inherited) \"-D\" \"COCOAPODS\" -Xfrontend -warn-long-function-bodies=500";
				PRODUCT_BUNDLE_IDENTIFIER = com.crowcode.MultometroApp;
				PRODUCT_NAME = "$(TARGET_NAME)";
				PROVISIONING_PROFILE_SPECIFIER = "";
				SWIFT_VERSION = 4.2;
				TARGETED_DEVICE_FAMILY = "1,2";
			};
			name = Debug;
		};
		5ED085BC215AFF9D00293516 /* Release */ = {
			isa = XCBuildConfiguration;
			buildSettings = {
				ASSETCATALOG_COMPILER_APPICON_NAME = AppIcon;
				CODE_SIGN_IDENTITY = "Apple Development";
				CODE_SIGN_STYLE = Automatic;
				DEVELOPMENT_TEAM = J8JPD2534R;
				FRAMEWORK_SEARCH_PATHS = (
					"$(inherited)",
					"$(PROJECT_DIR)/Carthage/Build/iOS",
				);
				INFOPLIST_FILE = "$(SRCROOT)/Multometro/Supp/Info.plist";
				IPHONEOS_DEPLOYMENT_TARGET = 11.0;
				LD_RUNPATH_SEARCH_PATHS = (
					"$(inherited)",
					"@executable_path/Frameworks",
				);
				OTHER_SWIFT_FLAGS = "$(inherited) \"-D\" \"COCOAPODS\" -Xfrontend -warn-long-function-bodies=500";
				PRODUCT_BUNDLE_IDENTIFIER = com.crowcode.MultometroApp;
				PRODUCT_NAME = "$(TARGET_NAME)";
				PROVISIONING_PROFILE_SPECIFIER = "";
				SWIFT_VERSION = 4.2;
				TARGETED_DEVICE_FAMILY = "1,2";
			};
			name = Release;
		};
		5ED085BE215AFF9D00293516 /* Debug */ = {
			isa = XCBuildConfiguration;
			buildSettings = {
				ALWAYS_EMBED_SWIFT_STANDARD_LIBRARIES = YES;
				BUNDLE_LOADER = "$(TEST_HOST)";
				CODE_SIGN_STYLE = Automatic;
				DEVELOPMENT_TEAM = J8JPD2534R;
				INFOPLIST_FILE = MultometroTests/Info.plist;
				LD_RUNPATH_SEARCH_PATHS = (
					"$(inherited)",
					"@executable_path/Frameworks",
					"@loader_path/Frameworks",
				);
				PRODUCT_BUNDLE_IDENTIFIER = com.crowcode.MultometroTests;
				PRODUCT_NAME = "$(TARGET_NAME)";
				SWIFT_VERSION = 4.2;
				TARGETED_DEVICE_FAMILY = "1,2";
				TEST_HOST = "$(BUILT_PRODUCTS_DIR)/Multometro.app/Multometro";
			};
			name = Debug;
		};
		5ED085BF215AFF9D00293516 /* Release */ = {
			isa = XCBuildConfiguration;
			buildSettings = {
				ALWAYS_EMBED_SWIFT_STANDARD_LIBRARIES = YES;
				BUNDLE_LOADER = "$(TEST_HOST)";
				CODE_SIGN_STYLE = Automatic;
				DEVELOPMENT_TEAM = J8JPD2534R;
				INFOPLIST_FILE = MultometroTests/Info.plist;
				LD_RUNPATH_SEARCH_PATHS = (
					"$(inherited)",
					"@executable_path/Frameworks",
					"@loader_path/Frameworks",
				);
				PRODUCT_BUNDLE_IDENTIFIER = com.crowcode.MultometroTests;
				PRODUCT_NAME = "$(TARGET_NAME)";
				SWIFT_VERSION = 4.2;
				TARGETED_DEVICE_FAMILY = "1,2";
				TEST_HOST = "$(BUILT_PRODUCTS_DIR)/Multometro.app/Multometro";
			};
			name = Release;
		};
		5ED085C1215AFF9D00293516 /* Debug */ = {
			isa = XCBuildConfiguration;
			buildSettings = {
				ALWAYS_EMBED_SWIFT_STANDARD_LIBRARIES = YES;
				CODE_SIGN_STYLE = Automatic;
				DEVELOPMENT_TEAM = J8JPD2534R;
				INFOPLIST_FILE = MultometroUITests/Info.plist;
				LD_RUNPATH_SEARCH_PATHS = (
					"$(inherited)",
					"@executable_path/Frameworks",
					"@loader_path/Frameworks",
				);
				PRODUCT_BUNDLE_IDENTIFIER = com.crowcode.MultometroUITests;
				PRODUCT_NAME = "$(TARGET_NAME)";
				SWIFT_VERSION = 4.2;
				TARGETED_DEVICE_FAMILY = "1,2";
				TEST_TARGET_NAME = Multometro;
			};
			name = Debug;
		};
		5ED085C2215AFF9D00293516 /* Release */ = {
			isa = XCBuildConfiguration;
			buildSettings = {
				ALWAYS_EMBED_SWIFT_STANDARD_LIBRARIES = YES;
				CODE_SIGN_STYLE = Automatic;
				DEVELOPMENT_TEAM = J8JPD2534R;
				INFOPLIST_FILE = MultometroUITests/Info.plist;
				LD_RUNPATH_SEARCH_PATHS = (
					"$(inherited)",
					"@executable_path/Frameworks",
					"@loader_path/Frameworks",
				);
				PRODUCT_BUNDLE_IDENTIFIER = com.crowcode.MultometroUITests;
				PRODUCT_NAME = "$(TARGET_NAME)";
				SWIFT_VERSION = 4.2;
				TARGETED_DEVICE_FAMILY = "1,2";
				TEST_TARGET_NAME = Multometro;
			};
			name = Release;
		};
/* End XCBuildConfiguration section */

/* Begin XCConfigurationList section */
		5ED0858A215AFF9A00293516 /* Build configuration list for PBXProject "Multometro" */ = {
			isa = XCConfigurationList;
			buildConfigurations = (
				5ED085B8215AFF9D00293516 /* Debug */,
				5ED085B9215AFF9D00293516 /* Release */,
			);
			defaultConfigurationIsVisible = 0;
			defaultConfigurationName = Release;
		};
		5ED085BA215AFF9D00293516 /* Build configuration list for PBXNativeTarget "Multometro" */ = {
			isa = XCConfigurationList;
			buildConfigurations = (
				5ED085BB215AFF9D00293516 /* Debug */,
				5ED085BC215AFF9D00293516 /* Release */,
			);
			defaultConfigurationIsVisible = 0;
			defaultConfigurationName = Release;
		};
		5ED085BD215AFF9D00293516 /* Build configuration list for PBXNativeTarget "MultometroTests" */ = {
			isa = XCConfigurationList;
			buildConfigurations = (
				5ED085BE215AFF9D00293516 /* Debug */,
				5ED085BF215AFF9D00293516 /* Release */,
			);
			defaultConfigurationIsVisible = 0;
			defaultConfigurationName = Release;
		};
		5ED085C0215AFF9D00293516 /* Build configuration list for PBXNativeTarget "MultometroUITests" */ = {
			isa = XCConfigurationList;
			buildConfigurations = (
				5ED085C1215AFF9D00293516 /* Debug */,
				5ED085C2215AFF9D00293516 /* Release */,
			);
			defaultConfigurationIsVisible = 0;
			defaultConfigurationName = Release;
		};
/* End XCConfigurationList section */

/* Begin XCVersionGroup section */
		5E28267D21F389CF00CE68C7 /* Multometro.xcdatamodeld */ = {
			isa = XCVersionGroup;
			children = (
				5E28267E21F389CF00CE68C7 /* Multometro.xcdatamodel */,
			);
			currentVersion = 5E28267E21F389CF00CE68C7 /* Multometro.xcdatamodel */;
			path = Multometro.xcdatamodeld;
			sourceTree = "<group>";
			versionGroupType = wrapper.xcdatamodel;
		};
/* End XCVersionGroup section */
	};
	rootObject = 5ED08587215AFF9A00293516 /* Project object */;
}
