PODS:
  - IQKeyboardManager (6.2.0)
  - Kingfisher (4.10.0)
  - R.swift (5.0.0.alpha.2):
    - R.swift.Library (~> 5.0.0.alpha.2)
  - R.swift.Library (5.0.0.alpha.2)

DEPENDENCIES:
  - IQKeyboardManager
  - Kingfisher (~> 4.0)
  - R.swift (= 5.0.0.alpha.2)

SPEC REPOS:
  https://github.com/cocoapods/specs.git:
    - IQKeyboardManager
    - Kingfisher
    - R.swift
    - R.swift.Library

SPEC CHECKSUMS:
  IQKeyboardManager: 6194101620b73af5e67900b8f89707a99de0b804
  Kingfisher: 43c4b802d8b5256cf1f4379e9cd10b329be6d3e2
  R.swift: 31fa1bd537fa81307815cc622122f33331f32174
  R.swift.Library: 3c21b823839bf5a6769dc7f96cb44479dab51b1b

PODFILE CHECKSUM: 418d2523092e1b2e2457e1ca09de0d4b26df5e5f

COCOAPODS: 1.5.3
